
Microsoft Visual Studio Solution File, Format Version 12.00
# Visual Studio 2012
Project("{FAE04EC0-301F-11D3-BF4B-00C04F79EFBC}") = "PluginSample", "PluginSample\PluginSample.csproj", "{AAECBCC1-01A4-4064-B8BE-6A6C562BE73D}"
EndProject
Project("{FAE04EC0-301F-11D3-BF4B-00C04F79EFBC}") = "PluginSample.iOS", "iOS\PluginSample.iOS.csproj", "{4536BDB9-5ECD-4DF8-8B6D-B49AB8AEED9D}"
EndProject
Project("{FAE04EC0-301F-11D3-BF4B-00C04F79EFBC}") = "PluginSample.Droid", "Droid\PluginSample.Droid.csproj", "{16437B43-1EE5-44FE-8831-923247B13C49}"
EndProject
Project("{FAE04EC0-301F-11D3-BF4B-00C04F79EFBC}") = "AssemblyTimeStamp.PCL", "AssemblyTimeStamp.PCL\AssemblyTimeStamp.PCL.csproj", "{E165DDE9-C231-43EE-8418-B4ADA678C44C}"
EndProject
Global
	GlobalSection(SolutionConfigurationPlatforms) = preSolution
		Debug|Any CPU = Debug|Any CPU
		Release|Any CPU = Release|Any CPU
		Debug|iPhoneSimulator = Debug|iPhoneSimulator
		Release|iPhone = Release|iPhone
		Release|iPhoneSimulator = Release|iPhoneSimulator
		Debug|iPhone = Debug|iPhone
	EndGlobalSection
	GlobalSection(ProjectConfigurationPlatforms) = postSolution
		{AAECBCC1-01A4-4064-B8BE-6A6C562BE73D}.Debug|Any CPU.ActiveCfg = Debug|Any CPU
		{AAECBCC1-01A4-4064-B8BE-6A6C562BE73D}.Debug|Any CPU.Build.0 = Debug|Any CPU
		{AAECBCC1-01A4-4064-B8BE-6A6C562BE73D}.Release|Any CPU.ActiveCfg = Release|Any CPU
		{AAECBCC1-01A4-4064-B8BE-6A6C562BE73D}.Release|Any CPU.Build.0 = Release|Any CPU
		{AAECBCC1-01A4-4064-B8BE-6A6C562BE73D}.Debug|iPhoneSimulator.ActiveCfg = Debug|Any CPU
		{AAECBCC1-01A4-4064-B8BE-6A6C562BE73D}.Debug|iPhoneSimulator.Build.0 = Debug|Any CPU
		{AAECBCC1-01A4-4064-B8BE-6A6C562BE73D}.Release|iPhone.ActiveCfg = Release|Any CPU
		{AAECBCC1-01A4-4064-B8BE-6A6C562BE73D}.Release|iPhone.Build.0 = Release|Any CPU
		{AAECBCC1-01A4-4064-B8BE-6A6C562BE73D}.Release|iPhoneSimulator.ActiveCfg = Release|Any CPU
		{AAECBCC1-01A4-4064-B8BE-6A6C562BE73D}.Release|iPhoneSimulator.Build.0 = Release|Any CPU
		{AAECBCC1-01A4-4064-B8BE-6A6C562BE73D}.Debug|iPhone.ActiveCfg = Debug|Any CPU
		{AAECBCC1-01A4-4064-B8BE-6A6C562BE73D}.Debug|iPhone.Build.0 = Debug|Any CPU
		{4536BDB9-5ECD-4DF8-8B6D-B49AB8AEED9D}.Debug|Any CPU.ActiveCfg = Debug|iPhoneSimulator
		{4536BDB9-5ECD-4DF8-8B6D-B49AB8AEED9D}.Debug|Any CPU.Build.0 = Debug|iPhoneSimulator
		{4536BDB9-5ECD-4DF8-8B6D-B49AB8AEED9D}.Release|Any CPU.ActiveCfg = Release|iPhone
		{4536BDB9-5ECD-4DF8-8B6D-B49AB8AEED9D}.Release|Any CPU.Build.0 = Release|iPhone
		{4536BDB9-5ECD-4DF8-8B6D-B49AB8AEED9D}.Debug|iPhoneSimulator.ActiveCfg = Debug|iPhoneSimulator
		{4536BDB9-5ECD-4DF8-8B6D-B49AB8AEED9D}.Debug|iPhoneSimulator.Build.0 = Debug|iPhoneSimulator
		{4536BDB9-5ECD-4DF8-8B6D-B49AB8AEED9D}.Release|iPhone.ActiveCfg = Release|iPhone
		{4536BDB9-5ECD-4DF8-8B6D-B49AB8AEED9D}.Release|iPhone.Build.0 = Release|iPhone
		{4536BDB9-5ECD-4DF8-8B6D-B49AB8AEED9D}.Release|iPhoneSimulator.ActiveCfg = Release|iPhoneSimulator
		{4536BDB9-5ECD-4DF8-8B6D-B49AB8AEED9D}.Release|iPhoneSimulator.Build.0 = Release|iPhoneSimulator
		{4536BDB9-5ECD-4DF8-8B6D-B49AB8AEED9D}.Debug|iPhone.ActiveCfg = Debug|iPhone
		{4536BDB9-5ECD-4DF8-8B6D-B49AB8AEED9D}.Debug|iPhone.Build.0 = Debug|iPhone
		{16437B43-1EE5-44FE-8831-923247B13C49}.Debug|Any CPU.ActiveCfg = Debug|Any CPU
		{16437B43-1EE5-44FE-8831-923247B13C49}.Debug|Any CPU.Build.0 = Debug|Any CPU
		{16437B43-1EE5-44FE-8831-923247B13C49}.Release|Any CPU.ActiveCfg = Release|Any CPU
		{16437B43-1EE5-44FE-8831-923247B13C49}.Release|Any CPU.Build.0 = Release|Any CPU
		{16437B43-1EE5-44FE-8831-923247B13C49}.Debug|iPhoneSimulator.ActiveCfg = Debug|Any CPU
		{16437B43-1EE5-44FE-8831-923247B13C49}.Debug|iPhoneSimulator.Build.0 = Debug|Any CPU
		{16437B43-1EE5-44FE-8831-923247B13C49}.Release|iPhone.ActiveCfg = Release|Any CPU
		{16437B43-1EE5-44FE-8831-923247B13C49}.Release|iPhone.Build.0 = Release|Any CPU
		{16437B43-1EE5-44FE-8831-923247B13C49}.Release|iPhoneSimulator.ActiveCfg = Release|Any CPU
		{16437B43-1EE5-44FE-8831-923247B13C49}.Release|iPhoneSimulator.Build.0 = Release|Any CPU
		{16437B43-1EE5-44FE-8831-923247B13C49}.Debug|iPhone.ActiveCfg = Debug|Any CPU
		{16437B43-1EE5-44FE-8831-923247B13C49}.Debug|iPhone.Build.0 = Debug|Any CPU
		{E165DDE9-C231-43EE-8418-B4ADA678C44C}.Debug|Any CPU.ActiveCfg = Debug|Any CPU
		{E165DDE9-C231-43EE-8418-B4ADA678C44C}.Debug|Any CPU.Build.0 = Debug|Any CPU
		{E165DDE9-C231-43EE-8418-B4ADA678C44C}.Release|Any CPU.ActiveCfg = Release|Any CPU
		{E165DDE9-C231-43EE-8418-B4ADA678C44C}.Release|Any CPU.Build.0 = Release|Any CPU
		{E165DDE9-C231-43EE-8418-B4ADA678C44C}.Debug|iPhoneSimulator.ActiveCfg = Debug|Any CPU
		{E165DDE9-C231-43EE-8418-B4ADA678C44C}.Debug|iPhoneSimulator.Build.0 = Debug|Any CPU
		{E165DDE9-C231-43EE-8418-B4ADA678C44C}.Release|iPhone.ActiveCfg = Release|Any CPU
		{E165DDE9-C231-43EE-8418-B4ADA678C44C}.Release|iPhone.Build.0 = Release|Any CPU
		{E165DDE9-C231-43EE-8418-B4ADA678C44C}.Release|iPhoneSimulator.ActiveCfg = Release|Any CPU
		{E165DDE9-C231-43EE-8418-B4ADA678C44C}.Release|iPhoneSimulator.Build.0 = Release|Any CPU
		{E165DDE9-C231-43EE-8418-B4ADA678C44C}.Debug|iPhone.ActiveCfg = Debug|Any CPU
		{E165DDE9-C231-43EE-8418-B4ADA678C44C}.Debug|iPhone.Build.0 = Debug|Any CPU
	EndGlobalSection
EndGlobal
